PODS:
  - AGGeometryKit (1.3.0):
    - AGGeometryKit/CALayerProperties (= 1.3.0)
    - AGGeometryKit/UIViewProperties (= 1.3.0)

DEPENDENCIES:
  - AGGeometryKit (from `../AGGeometryKit.podspec`)

EXTERNAL SOURCES:
  AGGeometryKit:
    :path: "../AGGeometryKit.podspec"

SPEC CHECKSUMS:
  AGGeometryKit: b0a5f4e19e1f3413164d42b337f4a65bfd67efbb

PODFILE CHECKSUM: 874d119eba7215abe33215abc140c1d34b94fc4b

COCOAPODS: 1.15.2
